// !$*UTF8*$!
{
	archiveVersion = 1;
	classes = {
	};
	objectVersion = 50;
	objects = {

/* Begin PBXBuildFile section */
		6FAA65BC84322F294AC93E30 /* Pods_VieUITests.framework in Frameworks */ = {isa = PBXBuildFile; fileRef = 53FD258A9FD67DAE2393DB47 /* Pods_VieUITests.framework */; };
		823D3E9BDE46C434512D6E64 /* Pods_VieTests.framework in Frameworks */ = {isa = PBXBuildFile; fileRef = 360B6F7CED58D2169AA1BC12 /* Pods_VieTests.framework */; };
		C71383CC216DEA3800784CDC /* credentials.plist in Resources */ = {isa = PBXBuildFile; fileRef = C71383CB216DEA3700784CDC /* credentials.plist */; };
		C71383D3216E053700784CDC /* CustomUItextField.swift in Sources */ = {isa = PBXBuildFile; fileRef = C71383D2216E053700784CDC /* CustomUItextField.swift */; };
		C71383D7216E0B1F00784CDC /* SignUpVC.swift in Sources */ = {isa = PBXBuildFile; fileRef = C71383D6216E0B1F00784CDC /* SignUpVC.swift */; };
		C71383DD216E16AD00784CDC /* HideKeyboardVC.swift in Sources */ = {isa = PBXBuildFile; fileRef = C71383DC216E16AD00784CDC /* HideKeyboardVC.swift */; };
		E700E0CA21984A8100A0A899 /* MapVC.swift in Sources */ = {isa = PBXBuildFile; fileRef = E700E0C921984A8100A0A899 /* MapVC.swift */; };
		E700E0CC21984B2200A0A899 /* HomeVC.swift in Sources */ = {isa = PBXBuildFile; fileRef = E700E0CB21984B2200A0A899 /* HomeVC.swift */; };
		E70ED96D21AA728900000AAE /* PlayGroundServicesVC.swift in Sources */ = {isa = PBXBuildFile; fileRef = E70ED96C21AA728900000AAE /* PlayGroundServicesVC.swift */; };
		E70ED97521AA7BBE00000AAE /* ServiceCell.swift in Sources */ = {isa = PBXBuildFile; fileRef = E70ED97321AA7BBE00000AAE /* ServiceCell.swift */; };
		E70ED97621AA7BBE00000AAE /* ServiceCell.xib in Resources */ = {isa = PBXBuildFile; fileRef = E70ED97421AA7BBE00000AAE /* ServiceCell.xib */; };
		E70FAE3521BE651900FB9EF3 /* DayCell.swift in Sources */ = {isa = PBXBuildFile; fileRef = E70FAE3421BE651900FB9EF3 /* DayCell.swift */; };
		E70FAE3821BE7DD900FB9EF3 /* PeriodCell.swift in Sources */ = {isa = PBXBuildFile; fileRef = E70FAE3721BE7DD900FB9EF3 /* PeriodCell.swift */; };
		E70FAE3A21BE7F4400FB9EF3 /* PeriodEndPoint.swift in Sources */ = {isa = PBXBuildFile; fileRef = E70FAE3921BE7F4400FB9EF3 /* PeriodEndPoint.swift */; };
		E70FAE3C21BE89FE00FB9EF3 /* Period.swift in Sources */ = {isa = PBXBuildFile; fileRef = E70FAE3B21BE89FE00FB9EF3 /* Period.swift */; };
		E71C6F42219D6C4700E0D5A9 /* DictionaryKeyForValue.swift in Sources */ = {isa = PBXBuildFile; fileRef = E71C6F41219D6C4700E0D5A9 /* DictionaryKeyForValue.swift */; };
		E721A3AC21774D73002DE31E /* ConfirmationCodeVC.swift in Sources */ = {isa = PBXBuildFile; fileRef = E721A3AB21774D73002DE31E /* ConfirmationCodeVC.swift */; };
		E721F63821982A9F003FE7B0 /* TabBarVC.swift in Sources */ = {isa = PBXBuildFile; fileRef = E721F63721982A9F003FE7B0 /* TabBarVC.swift */; };
		E7241864219AACC3004FFF00 /* PlayGroundInfoWindowModel.swift in Sources */ = {isa = PBXBuildFile; fileRef = E7241862219AACC3004FFF00 /* PlayGroundInfoWindowModel.swift */; };
		E7241865219AACC3004FFF00 /* PlayGroundInfoWindow.xib in Resources */ = {isa = PBXBuildFile; fileRef = E7241863219AACC3004FFF00 /* PlayGroundInfoWindow.xib */; };
		E73A7BDB21919CC900DBD0CB /* SocialSignUpVC.swift in Sources */ = {isa = PBXBuildFile; fileRef = E73A7BDA21919CC900DBD0CB /* SocialSignUpVC.swift */; };
		E74155CE21A29CE20032FBAE /* MapCollectionViewVC.swift in Sources */ = {isa = PBXBuildFile; fileRef = E74155CD21A29CE20032FBAE /* MapCollectionViewVC.swift */; };
		E74155D021A2A19C0032FBAE /* CustomCell.swift in Sources */ = {isa = PBXBuildFile; fileRef = E74155CF21A2A19C0032FBAE /* CustomCell.swift */; };
		E756A70021D0E3F7001CDE1A /* ProfileVC.swift in Sources */ = {isa = PBXBuildFile; fileRef = E756A6FF21D0E3F7001CDE1A /* ProfileVC.swift */; };
		E756A70821D10488001CDE1A /* UIViewExtension.swift in Sources */ = {isa = PBXBuildFile; fileRef = E756A70721D10488001CDE1A /* UIViewExtension.swift */; };
		E756A70B21D10D75001CDE1A /* ProfileCell.swift in Sources */ = {isa = PBXBuildFile; fileRef = E756A70A21D10D75001CDE1A /* ProfileCell.swift */; };
		E76CD74221CA65F70044C2C3 /* ReservationEndPoint.swift in Sources */ = {isa = PBXBuildFile; fileRef = E76CD74121CA65F70044C2C3 /* ReservationEndPoint.swift */; };
		E7790EA6219858E800A1D926 /* PlayGround.swift in Sources */ = {isa = PBXBuildFile; fileRef = E7790EA5219858E800A1D926 /* PlayGround.swift */; };
		E7790EA8219862E000A1D926 /* PlaygroundEndPoint.swift in Sources */ = {isa = PBXBuildFile; fileRef = E7790EA7219862E000A1D926 /* PlaygroundEndPoint.swift */; };
		E78860ED21C90F0A00B5DC8C /* ReservationInfoVC.swift in Sources */ = {isa = PBXBuildFile; fileRef = E78860EC21C90F0A00B5DC8C /* ReservationInfoVC.swift */; };
		E789996E218728FD0013BE4C /* User.swift in Sources */ = {isa = PBXBuildFile; fileRef = E789996D218728FD0013BE4C /* User.swift */; };
		E789997121872C750013BE4C /* APIClient.swift in Sources */ = {isa = PBXBuildFile; fileRef = E789997021872C750013BE4C /* APIClient.swift */; };
		E79379F9217837AB006D33F5 /* CustomColor.swift in Sources */ = {isa = PBXBuildFile; fileRef = E79379F8217837AB006D33F5 /* CustomColor.swift */; };
		E79D3B1921B7CEE30043D643 /* SimilarPlayGroundCell.swift in Sources */ = {isa = PBXBuildFile; fileRef = E79D3B1821B7CEE30043D643 /* SimilarPlayGroundCell.swift */; };
		E7A857ED216C8009002683CD /* AppDelegate.swift in Sources */ = {isa = PBXBuildFile; fileRef = E7A857EC216C8009002683CD /* AppDelegate.swift */; };
		E7A857EF216C8009002683CD /* MainVC.swift in Sources */ = {isa = PBXBuildFile; fileRef = E7A857EE216C8009002683CD /* MainVC.swift */; };
		E7A857F2216C8009002683CD /* Main.storyboard in Resources */ = {isa = PBXBuildFile; fileRef = E7A857F0216C8009002683CD /* Main.storyboard */; };
		E7A857F4216C800B002683CD /* Assets.xcassets in Resources */ = {isa = PBXBuildFile; fileRef = E7A857F3216C800B002683CD /* Assets.xcassets */; };
		E7A857F7216C800B002683CD /* LaunchScreen.storyboard in Resources */ = {isa = PBXBuildFile; fileRef = E7A857F5216C800B002683CD /* LaunchScreen.storyboard */; };
		E7A85802216C800B002683CD /* VieTests.swift in Sources */ = {isa = PBXBuildFile; fileRef = E7A85801216C800B002683CD /* VieTests.swift */; };
		E7A8580D216C800B002683CD /* VieUITests.swift in Sources */ = {isa = PBXBuildFile; fileRef = E7A8580C216C800B002683CD /* VieUITests.swift */; };
		E7AF32DF21BD12FB009B5244 /* PlayGroundReservationVC.swift in Sources */ = {isa = PBXBuildFile; fileRef = E7AF32DE21BD12FB009B5244 /* PlayGroundReservationVC.swift */; };
		E7AF32E121BD1D0C009B5244 /* FavoriteEndPoint.swift in Sources */ = {isa = PBXBuildFile; fileRef = E7AF32E021BD1D0C009B5244 /* FavoriteEndPoint.swift */; };
		E7B39810218B0EB500A1B365 /* OwnerBusinessEndPoint.swift in Sources */ = {isa = PBXBuildFile; fileRef = E7B3980F218B0EB500A1B365 /* OwnerBusinessEndPoint.swift */; };
		E7CBD127217499D000072F03 /* NotificationNamesExtension.swift in Sources */ = {isa = PBXBuildFile; fileRef = E7CBD126217499D000072F03 /* NotificationNamesExtension.swift */; };
		E7DDF3B82185C11400C878DE /* UserEndPoint.swift in Sources */ = {isa = PBXBuildFile; fileRef = E7DDF3B72185C11400C878DE /* UserEndPoint.swift */; };
		E7DDF3BA2185CB5000C878DE /* Constants.swift in Sources */ = {isa = PBXBuildFile; fileRef = E7DDF3B92185CB5000C878DE /* Constants.swift */; };
		E7EF722F21885572001AAD73 /* APIConfiguration.swift in Sources */ = {isa = PBXBuildFile; fileRef = E7EF722E21885572001AAD73 /* APIConfiguration.swift */; };
		E7F2008721A2E47A009EE47A /* PlayGroundDetailsVC.swift in Sources */ = {isa = PBXBuildFile; fileRef = E7F2008621A2E47A009EE47A /* PlayGroundDetailsVC.swift */; };
		EA4503950D51C7407D588B0C /* Pods_Vie.framework in Frameworks */ = {isa = PBXBuildFile; fileRef = C95FFA22EFCB907A77E36770 /* Pods_Vie.framework */; };
/* End PBXBuildFile section */

/* Begin PBXContainerItemProxy section */
		E7A857FE216C800B002683CD /* PBXContainerItemProxy */ = {
			isa = PBXContainerItemProxy;
			containerPortal = E7A857E1216C8009002683CD /* Project object */;
			proxyType = 1;
			remoteGlobalIDString = E7A857E8216C8009002683CD;
			remoteInfo = Vie;
		};
		E7A85809216C800B002683CD /* PBXContainerItemProxy */ = {
			isa = PBXContainerItemProxy;
			containerPortal = E7A857E1216C8009002683CD /* Project object */;
			proxyType = 1;
			remoteGlobalIDString = E7A857E8216C8009002683CD;
			remoteInfo = Vie;
		};
/* End PBXContainerItemProxy section */

/* Begin PBXFileReference section */
		2825C181917DFB609ECF06B7 /* Pods-VieTests.release.xcconfig */ = {isa = PBXFileReference; includeInIndex = 1; lastKnownFileType = text.xcconfig; name = "Pods-VieTests.release.xcconfig"; path = "Pods/Target Support Files/Pods-VieTests/Pods-VieTests.release.xcconfig"; sourceTree = "<group>"; };
		360B6F7CED58D2169AA1BC12 /* Pods_VieTests.framework */ = {isa = PBXFileReference; explicitFileType = wrapper.framework; includeInIndex = 0; path = Pods_VieTests.framework; sourceTree = BUILT_PRODUCTS_DIR; };
		53FD258A9FD67DAE2393DB47 /* Pods_VieUITests.framework */ = {isa = PBXFileReference; explicitFileType = wrapper.framework; includeInIndex = 0; path = Pods_VieUITests.framework; sourceTree = BUILT_PRODUCTS_DIR; };
		67A7FFB919536A63A723A155 /* Pods-Vie.debug.xcconfig */ = {isa = PBXFileReference; includeInIndex = 1; lastKnownFileType = text.xcconfig; name = "Pods-Vie.debug.xcconfig"; path = "Pods/Target Support Files/Pods-Vie/Pods-Vie.debug.xcconfig"; sourceTree = "<group>"; };
		AA7E0DEA1839441A21154563 /* Pods-VieTests.debug.xcconfig */ = {isa = PBXFileReference; includeInIndex = 1; lastKnownFileType = text.xcconfig; name = "Pods-VieTests.debug.xcconfig"; path = "Pods/Target Support Files/Pods-VieTests/Pods-VieTests.debug.xcconfig"; sourceTree = "<group>"; };
		B80A59EA93C029CC31EB2CA1 /* Pods-VieUITests.release.xcconfig */ = {isa = PBXFileReference; includeInIndex = 1; lastKnownFileType = text.xcconfig; name = "Pods-VieUITests.release.xcconfig"; path = "Pods/Target Support Files/Pods-VieUITests/Pods-VieUITests.release.xcconfig"; sourceTree = "<group>"; };
		C71383CB216DEA3700784CDC /* credentials.plist */ = {isa = PBXFileReference; fileEncoding = 4; lastKnownFileType = text.plist.xml; path = credentials.plist; sourceTree = "<group>"; };
		C71383D2216E053700784CDC /* CustomUItextField.swift */ = {isa = PBXFileReference; lastKnownFileType = sourcecode.swift; path = CustomUItextField.swift; sourceTree = "<group>"; };
		C71383D6216E0B1F00784CDC /* SignUpVC.swift */ = {isa = PBXFileReference; lastKnownFileType = sourcecode.swift; path = SignUpVC.swift; sourceTree = "<group>"; };
		C71383DC216E16AD00784CDC /* HideKeyboardVC.swift */ = {isa = PBXFileReference; lastKnownFileType = sourcecode.swift; path = HideKeyboardVC.swift; sourceTree = "<group>"; };
		C95FFA22EFCB907A77E36770 /* Pods_Vie.framework */ = {isa = PBXFileReference; explicitFileType = wrapper.framework; includeInIndex = 0; path = Pods_Vie.framework; sourceTree = BUILT_PRODUCTS_DIR; };
		CC69CECEDA1203139C64CF83 /* Pods-Vie.release.xcconfig */ = {isa = PBXFileReference; includeInIndex = 1; lastKnownFileType = text.xcconfig; name = "Pods-Vie.release.xcconfig"; path = "Pods/Target Support Files/Pods-Vie/Pods-Vie.release.xcconfig"; sourceTree = "<group>"; };
		D690221753A2AFF740EFAB95 /* Pods-VieUITests.debug.xcconfig */ = {isa = PBXFileReference; includeInIndex = 1; lastKnownFileType = text.xcconfig; name = "Pods-VieUITests.debug.xcconfig"; path = "Pods/Target Support Files/Pods-VieUITests/Pods-VieUITests.debug.xcconfig"; sourceTree = "<group>"; };
		E700E0C921984A8100A0A899 /* MapVC.swift */ = {isa = PBXFileReference; lastKnownFileType = sourcecode.swift; path = MapVC.swift; sourceTree = "<group>"; };
		E700E0CB21984B2200A0A899 /* HomeVC.swift */ = {isa = PBXFileReference; lastKnownFileType = sourcecode.swift; path = HomeVC.swift; sourceTree = "<group>"; };
		E70ED96C21AA728900000AAE /* PlayGroundServicesVC.swift */ = {isa = PBXFileReference; lastKnownFileType = sourcecode.swift; path = PlayGroundServicesVC.swift; sourceTree = "<group>"; };
		E70ED97321AA7BBE00000AAE /* ServiceCell.swift */ = {isa = PBXFileReference; lastKnownFileType = sourcecode.swift; path = ServiceCell.swift; sourceTree = "<group>"; };
		E70ED97421AA7BBE00000AAE /* ServiceCell.xib */ = {isa = PBXFileReference; lastKnownFileType = file.xib; path = ServiceCell.xib; sourceTree = "<group>"; };
		E70FAE3421BE651900FB9EF3 /* DayCell.swift */ = {isa = PBXFileReference; lastKnownFileType = sourcecode.swift; path = DayCell.swift; sourceTree = "<group>"; };
		E70FAE3721BE7DD900FB9EF3 /* PeriodCell.swift */ = {isa = PBXFileReference; lastKnownFileType = sourcecode.swift; path = PeriodCell.swift; sourceTree = "<group>"; };
		E70FAE3921BE7F4400FB9EF3 /* PeriodEndPoint.swift */ = {isa = PBXFileReference; lastKnownFileType = sourcecode.swift; path = PeriodEndPoint.swift; sourceTree = "<group>"; };
		E70FAE3B21BE89FE00FB9EF3 /* Period.swift */ = {isa = PBXFileReference; lastKnownFileType = sourcecode.swift; path = Period.swift; sourceTree = "<group>"; };
		E71C6F41219D6C4700E0D5A9 /* DictionaryKeyForValue.swift */ = {isa = PBXFileReference; lastKnownFileType = sourcecode.swift; path = DictionaryKeyForValue.swift; sourceTree = "<group>"; };
		E721A3AB21774D73002DE31E /* ConfirmationCodeVC.swift */ = {isa = PBXFileReference; lastKnownFileType = sourcecode.swift; path = ConfirmationCodeVC.swift; sourceTree = "<group>"; };
		E721F63721982A9F003FE7B0 /* TabBarVC.swift */ = {isa = PBXFileReference; lastKnownFileType = sourcecode.swift; path = TabBarVC.swift; sourceTree = "<group>"; };
		E7241862219AACC3004FFF00 /* PlayGroundInfoWindowModel.swift */ = {isa = PBXFileReference; lastKnownFileType = sourcecode.swift; path = PlayGroundInfoWindowModel.swift; sourceTree = "<group>"; };
		E7241863219AACC3004FFF00 /* PlayGroundInfoWindow.xib */ = {isa = PBXFileReference; lastKnownFileType = file.xib; path = PlayGroundInfoWindow.xib; sourceTree = "<group>"; };
		E73A7BDA21919CC900DBD0CB /* SocialSignUpVC.swift */ = {isa = PBXFileReference; lastKnownFileType = sourcecode.swift; path = SocialSignUpVC.swift; sourceTree = "<group>"; };
		E74155CD21A29CE20032FBAE /* MapCollectionViewVC.swift */ = {isa = PBXFileReference; lastKnownFileType = sourcecode.swift; path = MapCollectionViewVC.swift; sourceTree = "<group>"; };
		E74155CF21A2A19C0032FBAE /* CustomCell.swift */ = {isa = PBXFileReference; lastKnownFileType = sourcecode.swift; path = CustomCell.swift; sourceTree = "<group>"; };
		E756A6FF21D0E3F7001CDE1A /* ProfileVC.swift */ = {isa = PBXFileReference; lastKnownFileType = sourcecode.swift; path = ProfileVC.swift; sourceTree = "<group>"; };
		E756A70721D10488001CDE1A /* UIViewExtension.swift */ = {isa = PBXFileReference; fileEncoding = 4; lastKnownFileType = sourcecode.swift; path = UIViewExtension.swift; sourceTree = "<group>"; };
		E756A70A21D10D75001CDE1A /* ProfileCell.swift */ = {isa = PBXFileReference; lastKnownFileType = sourcecode.swift; path = ProfileCell.swift; sourceTree = "<group>"; };
		E76CD74121CA65F70044C2C3 /* ReservationEndPoint.swift */ = {isa = PBXFileReference; lastKnownFileType = sourcecode.swift; path = ReservationEndPoint.swift; sourceTree = "<group>"; };
		E7790EA5219858E800A1D926 /* PlayGround.swift */ = {isa = PBXFileReference; lastKnownFileType = sourcecode.swift; path = PlayGround.swift; sourceTree = "<group>"; };
		E7790EA7219862E000A1D926 /* PlaygroundEndPoint.swift */ = {isa = PBXFileReference; lastKnownFileType = sourcecode.swift; path = PlaygroundEndPoint.swift; sourceTree = "<group>"; };
		E78860EC21C90F0A00B5DC8C /* ReservationInfoVC.swift */ = {isa = PBXFileReference; lastKnownFileType = sourcecode.swift; path = ReservationInfoVC.swift; sourceTree = "<group>"; };
		E789996D218728FD0013BE4C /* User.swift */ = {isa = PBXFileReference; lastKnownFileType = sourcecode.swift; path = User.swift; sourceTree = "<group>"; };
		E789997021872C750013BE4C /* APIClient.swift */ = {isa = PBXFileReference; lastKnownFileType = sourcecode.swift; path = APIClient.swift; sourceTree = "<group>"; };
		E79379F8217837AB006D33F5 /* CustomColor.swift */ = {isa = PBXFileReference; lastKnownFileType = sourcecode.swift; path = CustomColor.swift; sourceTree = "<group>"; };
		E79D3B1821B7CEE30043D643 /* SimilarPlayGroundCell.swift */ = {isa = PBXFileReference; lastKnownFileType = sourcecode.swift; path = SimilarPlayGroundCell.swift; sourceTree = "<group>"; };
		E7A857E9216C8009002683CD /* Vie.app */ = {isa = PBXFileReference; explicitFileType = wrapper.application; includeInIndex = 0; path = Vie.app; sourceTree = BUILT_PRODUCTS_DIR; };
		E7A857EC216C8009002683CD /* AppDelegate.swift */ = {isa = PBXFileReference; lastKnownFileType = sourcecode.swift; path = AppDelegate.swift; sourceTree = "<group>"; };
		E7A857EE216C8009002683CD /* MainVC.swift */ = {isa = PBXFileReference; lastKnownFileType = sourcecode.swift; path = MainVC.swift; sourceTree = "<group>"; };
		E7A857F1216C8009002683CD /* Base */ = {isa = PBXFileReference; lastKnownFileType = file.storyboard; name = Base; path = Base.lproj/Main.storyboard; sourceTree = "<group>"; };
		E7A857F3216C800B002683CD /* Assets.xcassets */ = {isa = PBXFileReference; lastKnownFileType = folder.assetcatalog; path = Assets.xcassets; sourceTree = "<group>"; };
		E7A857F6216C800B002683CD /* Base */ = {isa = PBXFileReference; lastKnownFileType = file.storyboard; name = Base; path = Base.lproj/LaunchScreen.storyboard; sourceTree = "<group>"; };
		E7A857F8216C800B002683CD /* Info.plist */ = {isa = PBXFileReference; lastKnownFileType = text.plist.xml; path = Info.plist; sourceTree = "<group>"; };
		E7A857FD216C800B002683CD /* VieTests.xctest */ = {isa = PBXFileReference; explicitFileType = wrapper.cfbundle; includeInIndex = 0; path = VieTests.xctest; sourceTree = BUILT_PRODUCTS_DIR; };
		E7A85801216C800B002683CD /* VieTests.swift */ = {isa = PBXFileReference; lastKnownFileType = sourcecode.swift; path = VieTests.swift; sourceTree = "<group>"; };
		E7A85803216C800B002683CD /* Info.plist */ = {isa = PBXFileReference; lastKnownFileType = text.plist.xml; path = Info.plist; sourceTree = "<group>"; };
		E7A85808216C800B002683CD /* VieUITests.xctest */ = {isa = PBXFileReference; explicitFileType = wrapper.cfbundle; includeInIndex = 0; path = VieUITests.xctest; sourceTree = BUILT_PRODUCTS_DIR; };
		E7A8580C216C800B002683CD /* VieUITests.swift */ = {isa = PBXFileReference; lastKnownFileType = sourcecode.swift; path = VieUITests.swift; sourceTree = "<group>"; };
		E7A8580E216C800B002683CD /* Info.plist */ = {isa = PBXFileReference; lastKnownFileType = text.plist.xml; path = Info.plist; sourceTree = "<group>"; };
		E7AF32DE21BD12FB009B5244 /* PlayGroundReservationVC.swift */ = {isa = PBXFileReference; lastKnownFileType = sourcecode.swift; path = PlayGroundReservationVC.swift; sourceTree = "<group>"; };
		E7AF32E021BD1D0C009B5244 /* FavoriteEndPoint.swift */ = {isa = PBXFileReference; lastKnownFileType = sourcecode.swift; path = FavoriteEndPoint.swift; sourceTree = "<group>"; };
		E7B3980F218B0EB500A1B365 /* OwnerBusinessEndPoint.swift */ = {isa = PBXFileReference; lastKnownFileType = sourcecode.swift; path = OwnerBusinessEndPoint.swift; sourceTree = "<group>"; };
		E7CBD126217499D000072F03 /* NotificationNamesExtension.swift */ = {isa = PBXFileReference; lastKnownFileType = sourcecode.swift; path = NotificationNamesExtension.swift; sourceTree = "<group>"; };
		E7DDF3B72185C11400C878DE /* UserEndPoint.swift */ = {isa = PBXFileReference; lastKnownFileType = sourcecode.swift; path = UserEndPoint.swift; sourceTree = "<group>"; };
		E7DDF3B92185CB5000C878DE /* Constants.swift */ = {isa = PBXFileReference; lastKnownFileType = sourcecode.swift; path = Constants.swift; sourceTree = "<group>"; };
		E7EF722E21885572001AAD73 /* APIConfiguration.swift */ = {isa = PBXFileReference; lastKnownFileType = sourcecode.swift; path = APIConfiguration.swift; sourceTree = "<group>"; };
		E7F2008621A2E47A009EE47A /* PlayGroundDetailsVC.swift */ = {isa = PBXFileReference; lastKnownFileType = sourcecode.swift; path = PlayGroundDetailsVC.swift; sourceTree = "<group>"; };
/* End PBXFileReference section */

/* Begin PBXFrameworksBuildPhase section */
		E7A857E6216C8009002683CD /* Frameworks */ = {
			isa = PBXFrameworksBuildPhase;
			buildActionMask = 2147483647;
			files = (
				EA4503950D51C7407D588B0C /* Pods_Vie.framework in Frameworks */,
			);
			runOnlyForDeploymentPostprocessing = 0;
		};
		E7A857FA216C800B002683CD /* Frameworks */ = {
			isa = PBXFrameworksBuildPhase;
			buildActionMask = 2147483647;
			files = (
				823D3E9BDE46C434512D6E64 /* Pods_VieTests.framework in Frameworks */,
			);
			runOnlyForDeploymentPostprocessing = 0;
		};
		E7A85805216C800B002683CD /* Frameworks */ = {
			isa = PBXFrameworksBuildPhase;
			buildActionMask = 2147483647;
			files = (
				6FAA65BC84322F294AC93E30 /* Pods_VieUITests.framework in Frameworks */,
			);
			runOnlyForDeploymentPostprocessing = 0;
		};
/* End PBXFrameworksBuildPhase section */

/* Begin PBXGroup section */
		52F6B5FA66328C1D65C11388 /* Pods */ = {
			isa = PBXGroup;
			children = (
				67A7FFB919536A63A723A155 /* Pods-Vie.debug.xcconfig */,
				CC69CECEDA1203139C64CF83 /* Pods-Vie.release.xcconfig */,
				AA7E0DEA1839441A21154563 /* Pods-VieTests.debug.xcconfig */,
				2825C181917DFB609ECF06B7 /* Pods-VieTests.release.xcconfig */,
				D690221753A2AFF740EFAB95 /* Pods-VieUITests.debug.xcconfig */,
				B80A59EA93C029CC31EB2CA1 /* Pods-VieUITests.release.xcconfig */,
			);
			name = Pods;
			sourceTree = "<group>";
		};
		C71383CF216E04D500784CDC /* Helper */ = {
			isa = PBXGroup;
			children = (
				C71383D2216E053700784CDC /* CustomUItextField.swift */,
				C71383DC216E16AD00784CDC /* HideKeyboardVC.swift */,
				E7CBD126217499D000072F03 /* NotificationNamesExtension.swift */,
				E79379F8217837AB006D33F5 /* CustomColor.swift */,
				E71C6F41219D6C4700E0D5A9 /* DictionaryKeyForValue.swift */,
			);
			path = Helper;
			sourceTree = "<group>";
		};
		D370E7B6C8EAAA4FD0EB53FD /* Frameworks */ = {
			isa = PBXGroup;
			children = (
				C95FFA22EFCB907A77E36770 /* Pods_Vie.framework */,
				360B6F7CED58D2169AA1BC12 /* Pods_VieTests.framework */,
				53FD258A9FD67DAE2393DB47 /* Pods_VieUITests.framework */,
			);
			name = Frameworks;
			sourceTree = "<group>";
		};
		E700E0C72198408200A0A899 /* Registration */ = {
			isa = PBXGroup;
			children = (
				E7A857EE216C8009002683CD /* MainVC.swift */,
				C71383D6216E0B1F00784CDC /* SignUpVC.swift */,
				E721A3AB21774D73002DE31E /* ConfirmationCodeVC.swift */,
				E73A7BDA21919CC900DBD0CB /* SocialSignUpVC.swift */,
			);
			path = Registration;
			sourceTree = "<group>";
		};
		E700E0C8219840A800A0A899 /* App Functionality */ = {
			isa = PBXGroup;
			children = (
				E721F63721982A9F003FE7B0 /* TabBarVC.swift */,
				E700E0CB21984B2200A0A899 /* HomeVC.swift */,
				E700E0C921984A8100A0A899 /* MapVC.swift */,
				E74155CD21A29CE20032FBAE /* MapCollectionViewVC.swift */,
				E7F2008621A2E47A009EE47A /* PlayGroundDetailsVC.swift */,
				E70ED96C21AA728900000AAE /* PlayGroundServicesVC.swift */,
				E7AF32DE21BD12FB009B5244 /* PlayGroundReservationVC.swift */,
				E78860EC21C90F0A00B5DC8C /* ReservationInfoVC.swift */,
				E756A6FF21D0E3F7001CDE1A /* ProfileVC.swift */,
			);
			path = "App Functionality";
			sourceTree = "<group>";
		};
		E70ED96E21AA74CA00000AAE /* Service Cell */ = {
			isa = PBXGroup;
			children = (
				E70ED97321AA7BBE00000AAE /* ServiceCell.swift */,
				E70ED97421AA7BBE00000AAE /* ServiceCell.xib */,
			);
			path = "Service Cell";
			sourceTree = "<group>";
		};
		E70FAE3321BE64EC00FB9EF3 /* DayCell */ = {
			isa = PBXGroup;
			children = (
				E70FAE3421BE651900FB9EF3 /* DayCell.swift */,
			);
			path = DayCell;
			sourceTree = "<group>";
		};
		E70FAE3621BE7DA700FB9EF3 /* Reservation Period Cell */ = {
			isa = PBXGroup;
			children = (
				E70FAE3721BE7DD900FB9EF3 /* PeriodCell.swift */,
			);
			path = "Reservation Period Cell";
			sourceTree = "<group>";
		};
		E7241866219AACE0004FFF00 /* CustomCellForInfoMap */ = {
			isa = PBXGroup;
			children = (
				E7241862219AACC3004FFF00 /* PlayGroundInfoWindowModel.swift */,
				E7241863219AACC3004FFF00 /* PlayGroundInfoWindow.xib */,
			);
			path = CustomCellForInfoMap;
			sourceTree = "<group>";
		};
		E74155D121A2A1A20032FBAE /* MapCollectionViewCell */ = {
			isa = PBXGroup;
			children = (
				E74155CF21A2A19C0032FBAE /* CustomCell.swift */,
			);
			path = MapCollectionViewCell;
			sourceTree = "<group>";
		};
		E756A70921D10D44001CDE1A /* Profile Cell */ = {
			isa = PBXGroup;
			children = (
				E756A70A21D10D75001CDE1A /* ProfileCell.swift */,
			);
			path = "Profile Cell";
			sourceTree = "<group>";
		};
		E789996F21872C190013BE4C /* APIClient */ = {
			isa = PBXGroup;
			children = (
				E789997021872C750013BE4C /* APIClient.swift */,
			);
			path = APIClient;
			sourceTree = "<group>";
		};
		E79D3B1721B7CE8B0043D643 /* Similar playGround Cell */ = {
			isa = PBXGroup;
			children = (
				E79D3B1821B7CEE30043D643 /* SimilarPlayGroundCell.swift */,
			);
			path = "Similar playGround Cell";
			sourceTree = "<group>";
		};
		E7A857E0216C8009002683CD = {
			isa = PBXGroup;
			children = (
				E7A857EB216C8009002683CD /* Vie */,
				E7A85800216C800B002683CD /* VieTests */,
				E7A8580B216C800B002683CD /* VieUITests */,
				E7A857EA216C8009002683CD /* Products */,
				52F6B5FA66328C1D65C11388 /* Pods */,
				D370E7B6C8EAAA4FD0EB53FD /* Frameworks */,
			);
			sourceTree = "<group>";
		};
		E7A857EA216C8009002683CD /* Products */ = {
			isa = PBXGroup;
			children = (
				E7A857E9216C8009002683CD /* Vie.app */,
				E7A857FD216C800B002683CD /* VieTests.xctest */,
				E7A85808216C800B002683CD /* VieUITests.xctest */,
			);
			name = Products;
			sourceTree = "<group>";
		};
		E7A857EB216C8009002683CD /* Vie */ = {
			isa = PBXGroup;
			children = (
				E7B68CD721B92B5200DDE71A /* Extensions */,
				E7A8581A216C80B6002683CD /* Model */,
				E7A8581B216C80C6002683CD /* View */,
				E7A8581C216C80DC002683CD /* Controller */,
				E7DDF3B52185BE1B00C878DE /* Networking */,
				C71383CF216E04D500784CDC /* Helper */,
				E7A857F3216C800B002683CD /* Assets.xcassets */,
				E7A857F5216C800B002683CD /* LaunchScreen.storyboard */,
				E7A857F8216C800B002683CD /* Info.plist */,
				C71383CB216DEA3700784CDC /* credentials.plist */,
			);
			path = Vie;
			sourceTree = "<group>";
		};
		E7A85800216C800B002683CD /* VieTests */ = {
			isa = PBXGroup;
			children = (
				E7A85801216C800B002683CD /* VieTests.swift */,
				E7A85803216C800B002683CD /* Info.plist */,
			);
			path = VieTests;
			sourceTree = "<group>";
		};
		E7A8580B216C800B002683CD /* VieUITests */ = {
			isa = PBXGroup;
			children = (
				E7A8580C216C800B002683CD /* VieUITests.swift */,
				E7A8580E216C800B002683CD /* Info.plist */,
			);
			path = VieUITests;
			sourceTree = "<group>";
		};
		E7A8581A216C80B6002683CD /* Model */ = {
			isa = PBXGroup;
			children = (
				E789996D218728FD0013BE4C /* User.swift */,
				E7790EA5219858E800A1D926 /* PlayGround.swift */,
				E70FAE3B21BE89FE00FB9EF3 /* Period.swift */,
			);
			path = Model;
			sourceTree = "<group>";
		};
		E7A8581B216C80C6002683CD /* View */ = {
			isa = PBXGroup;
			children = (
				E756A70921D10D44001CDE1A /* Profile Cell */,
				E70FAE3621BE7DA700FB9EF3 /* Reservation Period Cell */,
				E70FAE3321BE64EC00FB9EF3 /* DayCell */,
				E79D3B1721B7CE8B0043D643 /* Similar playGround Cell */,
				E70ED96E21AA74CA00000AAE /* Service Cell */,
				E7A857F0216C8009002683CD /* Main.storyboard */,
				E7241866219AACE0004FFF00 /* CustomCellForInfoMap */,
				E74155D121A2A1A20032FBAE /* MapCollectionViewCell */,
			);
			path = View;
			sourceTree = "<group>";
		};
		E7A8581C216C80DC002683CD /* Controller */ = {
			isa = PBXGroup;
			children = (
				E700E0C72198408200A0A899 /* Registration */,
				E700E0C8219840A800A0A899 /* App Functionality */,
				E7A857EC216C8009002683CD /* AppDelegate.swift */,
			);
			path = Controller;
			sourceTree = "<group>";
		};
		E7B68CD721B92B5200DDE71A /* Extensions */ = {
			isa = PBXGroup;
			children = (
				E756A70721D10488001CDE1A /* UIViewExtension.swift */,
			);
			path = Extensions;
			sourceTree = "<group>";
		};
		E7DDF3B52185BE1B00C878DE /* Networking */ = {
			isa = PBXGroup;
			children = (
				E7DDF3B62185BE5500C878DE /* EndPoint */,
				E789996F21872C190013BE4C /* APIClient */,
			);
			path = Networking;
			sourceTree = "<group>";
		};
		E7DDF3B62185BE5500C878DE /* EndPoint */ = {
			isa = PBXGroup;
			children = (
				E7DDF3B72185C11400C878DE /* UserEndPoint.swift */,
				E7B3980F218B0EB500A1B365 /* OwnerBusinessEndPoint.swift */,
				E7790EA7219862E000A1D926 /* PlaygroundEndPoint.swift */,
				E7AF32E021BD1D0C009B5244 /* FavoriteEndPoint.swift */,
				E70FAE3921BE7F4400FB9EF3 /* PeriodEndPoint.swift */,
				E76CD74121CA65F70044C2C3 /* ReservationEndPoint.swift */,
				E7DDF3B92185CB5000C878DE /* Constants.swift */,
				E7EF722E21885572001AAD73 /* APIConfiguration.swift */,
			);
			path = EndPoint;
			sourceTree = "<group>";
		};
/* End PBXGroup section */

/* Begin PBXNativeTarget section */
		E7A857E8216C8009002683CD /* Vie */ = {
			isa = PBXNativeTarget;
			buildConfigurationList = E7A85811216C800B002683CD /* Build configuration list for PBXNativeTarget "Vie" */;
			buildPhases = (
				3574791BE33D82ECF03F670D /* [CP] Check Pods Manifest.lock */,
				E7A857E5216C8009002683CD /* Sources */,
				E7A857E6216C8009002683CD /* Frameworks */,
				E7A857E7216C8009002683CD /* Resources */,
				290E493CF2EFA9177176DFDA /* [CP] Embed Pods Frameworks */,
				25367055EE8CC2FD5AE2A820 /* [CP] Copy Pods Resources */,
			);
			buildRules = (
			);
			dependencies = (
			);
			name = Vie;
			productName = Vie;
			productReference = E7A857E9216C8009002683CD /* Vie.app */;
			productType = "com.apple.product-type.application";
		};
		E7A857FC216C800B002683CD /* VieTests */ = {
			isa = PBXNativeTarget;
			buildConfigurationList = E7A85814216C800B002683CD /* Build configuration list for PBXNativeTarget "VieTests" */;
			buildPhases = (
				8D47A71A5B2B8DC8C7F34E1D /* [CP] Check Pods Manifest.lock */,
				E7A857F9216C800B002683CD /* Sources */,
				E7A857FA216C800B002683CD /* Frameworks */,
				E7A857FB216C800B002683CD /* Resources */,
			);
			buildRules = (
			);
			dependencies = (
				E7A857FF216C800B002683CD /* PBXTargetDependency */,
			);
			name = VieTests;
			productName = VieTests;
			productReference = E7A857FD216C800B002683CD /* VieTests.xctest */;
			productType = "com.apple.product-type.bundle.unit-test";
		};
		E7A85807216C800B002683CD /* VieUITests */ = {
			isa = PBXNativeTarget;
			buildConfigurationList = E7A85817216C800B002683CD /* Build configuration list for PBXNativeTarget "VieUITests" */;
			buildPhases = (
				F925FE9D10F81B79C761D55D /* [CP] Check Pods Manifest.lock */,
				E7A85804216C800B002683CD /* Sources */,
				E7A85805216C800B002683CD /* Frameworks */,
				E7A85806216C800B002683CD /* Resources */,
			);
			buildRules = (
			);
			dependencies = (
				E7A8580A216C800B002683CD /* PBXTargetDependency */,
			);
			name = VieUITests;
			productName = VieUITests;
			productReference = E7A85808216C800B002683CD /* VieUITests.xctest */;
			productType = "com.apple.product-type.bundle.ui-testing";
		};
/* End PBXNativeTarget section */

/* Begin PBXProject section */
		E7A857E1216C8009002683CD /* Project object */ = {
			isa = PBXProject;
			attributes = {
				LastSwiftUpdateCheck = 0940;
				LastUpgradeCheck = 0940;
				ORGANIZATIONNAME = user137691;
				TargetAttributes = {
					E7A857E8216C8009002683CD = {
						CreatedOnToolsVersion = 9.4.1;
						LastSwiftMigration = 1000;
					};
					E7A857FC216C800B002683CD = {
						CreatedOnToolsVersion = 9.4.1;
						LastSwiftMigration = 1000;
						TestTargetID = E7A857E8216C8009002683CD;
					};
					E7A85807216C800B002683CD = {
						CreatedOnToolsVersion = 9.4.1;
						LastSwiftMigration = 1000;
						TestTargetID = E7A857E8216C8009002683CD;
					};
				};
			};
			buildConfigurationList = E7A857E4216C8009002683CD /* Build configuration list for PBXProject "Vie" */;
			compatibilityVersion = "Xcode 9.3";
			developmentRegion = en;
			hasScannedForEncodings = 0;
			knownRegions = (
				en,
				Base,
			);
			mainGroup = E7A857E0216C8009002683CD;
			productRefGroup = E7A857EA216C8009002683CD /* Products */;
			projectDirPath = "";
			projectRoot = "";
			targets = (
				E7A857E8216C8009002683CD /* Vie */,
				E7A857FC216C800B002683CD /* VieTests */,
				E7A85807216C800B002683CD /* VieUITests */,
			);
		};
/* End PBXProject section */

/* Begin PBXResourcesBuildPhase section */
		E7A857E7216C8009002683CD /* Resources */ = {
			isa = PBXResourcesBuildPhase;
			buildActionMask = 2147483647;
			files = (
				E7A857F7216C800B002683CD /* LaunchScreen.storyboard in Resources */,
				C71383CC216DEA3800784CDC /* credentials.plist in Resources */,
				E70ED97621AA7BBE00000AAE /* ServiceCell.xib in Resources */,
				E7A857F4216C800B002683CD /* Assets.xcassets in Resources */,
				E7241865219AACC3004FFF00 /* PlayGroundInfoWindow.xib in Resources */,
				E7A857F2216C8009002683CD /* Main.storyboard in Resources */,
			);
			runOnlyForDeploymentPostprocessing = 0;
		};
		E7A857FB216C800B002683CD /* Resources */ = {
			isa = PBXResourcesBuildPhase;
			buildActionMask = 2147483647;
			files = (
			);
			runOnlyForDeploymentPostprocessing = 0;
		};
		E7A85806216C800B002683CD /* Resources */ = {
			isa = PBXResourcesBuildPhase;
			buildActionMask = 2147483647;
			files = (
			);
			runOnlyForDeploymentPostprocessing = 0;
		};
/* End PBXResourcesBuildPhase section */

/* Begin PBXShellScriptBuildPhase section */
		25367055EE8CC2FD5AE2A820 /* [CP] Copy Pods Resources */ = {
			isa = PBXShellScriptBuildPhase;
			buildActionMask = 2147483647;
			files = (
			);
			inputPaths = (
				"${SRCROOT}/Pods/Target Support Files/Pods-Vie/Pods-Vie-resources.sh",
				"${PODS_ROOT}/GoogleMaps/Maps/Frameworks/GoogleMaps.framework/Resources/GoogleMaps.bundle",
				"${PODS_ROOT}/GooglePlaces/Frameworks/GooglePlaces.framework/Resources/GooglePlaces.bundle",
				"${PODS_ROOT}/GoogleSignIn/Resources/GoogleSignIn.bundle",
			);
			name = "[CP] Copy Pods Resources";
			outputPaths = (
				"${TARGET_BUILD_DIR}/${UNLOCALIZED_RESOURCES_FOLDER_PATH}/GoogleMaps.bundle",
				"${TARGET_BUILD_DIR}/${UNLOCALIZED_RESOURCES_FOLDER_PATH}/GooglePlaces.bundle",
				"${TARGET_BUILD_DIR}/${UNLOCALIZED_RESOURCES_FOLDER_PATH}/GoogleSignIn.bundle",
			);
			runOnlyForDeploymentPostprocessing = 0;
			shellPath = /bin/sh;
			shellScript = "\"${SRCROOT}/Pods/Target Support Files/Pods-Vie/Pods-Vie-resources.sh\"\n";
			showEnvVarsInLog = 0;
		};
		290E493CF2EFA9177176DFDA /* [CP] Embed Pods Frameworks */ = {
			isa = PBXShellScriptBuildPhase;
			buildActionMask = 2147483647;
			files = (
			);
			inputPaths = (
				"${SRCROOT}/Pods/Target Support Files/Pods-Vie/Pods-Vie-frameworks.sh",
				"${BUILT_PRODUCTS_DIR}/Alamofire/Alamofire.framework",
				"${BUILT_PRODUCTS_DIR}/Bolts/Bolts.framework",
				"${BUILT_PRODUCTS_DIR}/FBSDKCoreKit/FBSDKCoreKit.framework",
				"${BUILT_PRODUCTS_DIR}/FBSDKLoginKit/FBSDKLoginKit.framework",
				"${BUILT_PRODUCTS_DIR}/GTMOAuth2/GTMOAuth2.framework",
				"${BUILT_PRODUCTS_DIR}/GTMSessionFetcher/GTMSessionFetcher.framework",
				"${BUILT_PRODUCTS_DIR}/GoogleToolboxForMac/GoogleToolboxForMac.framework",
				"${BUILT_PRODUCTS_DIR}/Kingfisher/Kingfisher.framework",
				"${BUILT_PRODUCTS_DIR}/SwiftyJSON/SwiftyJSON.framework",
			);
			name = "[CP] Embed Pods Frameworks";
			outputPaths = (
				"${TARGET_BUILD_DIR}/${FRAMEWORKS_FOLDER_PATH}/Alamofire.framework",
				"${TARGET_BUILD_DIR}/${FRAMEWORKS_FOLDER_PATH}/Bolts.framework",
				"${TARGET_BUILD_DIR}/${FRAMEWORKS_FOLDER_PATH}/FBSDKCoreKit.framework",
				"${TARGET_BUILD_DIR}/${FRAMEWORKS_FOLDER_PATH}/FBSDKLoginKit.framework",
				"${TARGET_BUILD_DIR}/${FRAMEWORKS_FOLDER_PATH}/GTMOAuth2.framework",
				"${TARGET_BUILD_DIR}/${FRAMEWORKS_FOLDER_PATH}/GTMSessionFetcher.framework",
				"${TARGET_BUILD_DIR}/${FRAMEWORKS_FOLDER_PATH}/GoogleToolboxForMac.framework",
				"${TARGET_BUILD_DIR}/${FRAMEWORKS_FOLDER_PATH}/Kingfisher.framework",
				"${TARGET_BUILD_DIR}/${FRAMEWORKS_FOLDER_PATH}/SwiftyJSON.framework",
			);
			runOnlyForDeploymentPostprocessing = 0;
			shellPath = /bin/sh;
			shellScript = "\"${SRCROOT}/Pods/Target Support Files/Pods-Vie/Pods-Vie-frameworks.sh\"\n";
			showEnvVarsInLog = 0;
		};
		3574791BE33D82ECF03F670D /* [CP] Check Pods Manifest.lock */ = {
			isa = PBXShellScriptBuildPhase;
			buildActionMask = 2147483647;
			files = (
			);
			inputPaths = (
				"${PODS_PODFILE_DIR_PATH}/Podfile.lock",
				"${PODS_ROOT}/Manifest.lock",
			);
			name = "[CP] Check Pods Manifest.lock";
			outputPaths = (
				"$(DERIVED_FILE_DIR)/Pods-Vie-checkManifestLockResult.txt",
			);
			runOnlyForDeploymentPostprocessing = 0;
			shellPath = /bin/sh;
			shellScript = "diff \"${PODS_PODFILE_DIR_PATH}/Podfile.lock\" \"${PODS_ROOT}/Manifest.lock\" > /dev/null\nif [ $? != 0 ] ; then\n    # print error to STDERR\n    echo \"error: The sandbox is not in sync with the Podfile.lock. Run 'pod install' or update your CocoaPods installation.\" >&2\n    exit 1\nfi\n# This output is used by Xcode 'outputs' to avoid re-running this script phase.\necho \"SUCCESS\" > \"${SCRIPT_OUTPUT_FILE_0}\"\n";
			showEnvVarsInLog = 0;
		};
		8D47A71A5B2B8DC8C7F34E1D /* [CP] Check Pods Manifest.lock */ = {
			isa = PBXShellScriptBuildPhase;
			buildActionMask = 2147483647;
			files = (
			);
			inputPaths = (
				"${PODS_PODFILE_DIR_PATH}/Podfile.lock",
				"${PODS_ROOT}/Manifest.lock",
			);
			name = "[CP] Check Pods Manifest.lock";
			outputPaths = (
				"$(DERIVED_FILE_DIR)/Pods-VieTests-checkManifestLockResult.txt",
			);
			runOnlyForDeploymentPostprocessing = 0;
			shellPath = /bin/sh;
			shellScript = "diff \"${PODS_PODFILE_DIR_PATH}/Podfile.lock\" \"${PODS_ROOT}/Manifest.lock\" > /dev/null\nif [ $? != 0 ] ; then\n    # print error to STDERR\n    echo \"error: The sandbox is not in sync with the Podfile.lock. Run 'pod install' or update your CocoaPods installation.\" >&2\n    exit 1\nfi\n# This output is used by Xcode 'outputs' to avoid re-running this script phase.\necho \"SUCCESS\" > \"${SCRIPT_OUTPUT_FILE_0}\"\n";
			showEnvVarsInLog = 0;
		};
		F925FE9D10F81B79C761D55D /* [CP] Check Pods Manifest.lock */ = {
			isa = PBXShellScriptBuildPhase;
			buildActionMask = 2147483647;
			files = (
			);
			inputPaths = (
				"${PODS_PODFILE_DIR_PATH}/Podfile.lock",
				"${PODS_ROOT}/Manifest.lock",
			);
			name = "[CP] Check Pods Manifest.lock";
			outputPaths = (
				"$(DERIVED_FILE_DIR)/Pods-VieUITests-checkManifestLockResult.txt",
			);
			runOnlyForDeploymentPostprocessing = 0;
			shellPath = /bin/sh;
			shellScript = "diff \"${PODS_PODFILE_DIR_PATH}/Podfile.lock\" \"${PODS_ROOT}/Manifest.lock\" > /dev/null\nif [ $? != 0 ] ; then\n    # print error to STDERR\n    echo \"error: The sandbox is not in sync with the Podfile.lock. Run 'pod install' or update your CocoaPods installation.\" >&2\n    exit 1\nfi\n# This output is used by Xcode 'outputs' to avoid re-running this script phase.\necho \"SUCCESS\" > \"${SCRIPT_OUTPUT_FILE_0}\"\n";
			showEnvVarsInLog = 0;
		};
/* End PBXShellScriptBuildPhase section */

/* Begin PBXSourcesBuildPhase section */
		E7A857E5216C8009002683CD /* Sources */ = {
			isa = PBXSourcesBuildPhase;
			buildActionMask = 2147483647;
			files = (
				E756A70B21D10D75001CDE1A /* ProfileCell.swift in Sources */,
				E79D3B1921B7CEE30043D643 /* SimilarPlayGroundCell.swift in Sources */,
				E700E0CC21984B2200A0A899 /* HomeVC.swift in Sources */,
				E7790EA8219862E000A1D926 /* PlaygroundEndPoint.swift in Sources */,
				E76CD74221CA65F70044C2C3 /* ReservationEndPoint.swift in Sources */,
				E74155D021A2A19C0032FBAE /* CustomCell.swift in Sources */,
				E789996E218728FD0013BE4C /* User.swift in Sources */,
				C71383DD216E16AD00784CDC /* HideKeyboardVC.swift in Sources */,
				E70FAE3521BE651900FB9EF3 /* DayCell.swift in Sources */,
				E7AF32E121BD1D0C009B5244 /* FavoriteEndPoint.swift in Sources */,
				E7AF32DF21BD12FB009B5244 /* PlayGroundReservationVC.swift in Sources */,
				E70ED96D21AA728900000AAE /* PlayGroundServicesVC.swift in Sources */,
				E7CBD127217499D000072F03 /* NotificationNamesExtension.swift in Sources */,
				E79379F9217837AB006D33F5 /* CustomColor.swift in Sources */,
				E73A7BDB21919CC900DBD0CB /* SocialSignUpVC.swift in Sources */,
				C71383D7216E0B1F00784CDC /* SignUpVC.swift in Sources */,
				C71383D3216E053700784CDC /* CustomUItextField.swift in Sources */,
				E7241864219AACC3004FFF00 /* PlayGroundInfoWindowModel.swift in Sources */,
				E74155CE21A29CE20032FBAE /* MapCollectionViewVC.swift in Sources */,
				E78860ED21C90F0A00B5DC8C /* ReservationInfoVC.swift in Sources */,
				E7F2008721A2E47A009EE47A /* PlayGroundDetailsVC.swift in Sources */,
				E7EF722F21885572001AAD73 /* APIConfiguration.swift in Sources */,
				E721A3AC21774D73002DE31E /* ConfirmationCodeVC.swift in Sources */,
				E756A70021D0E3F7001CDE1A /* ProfileVC.swift in Sources */,
				E70FAE3C21BE89FE00FB9EF3 /* Period.swift in Sources */,
				E7DDF3B82185C11400C878DE /* UserEndPoint.swift in Sources */,
				E700E0CA21984A8100A0A899 /* MapVC.swift in Sources */,
				E7A857EF216C8009002683CD /* MainVC.swift in Sources */,
				E70FAE3A21BE7F4400FB9EF3 /* PeriodEndPoint.swift in Sources */,
				E70ED97521AA7BBE00000AAE /* ServiceCell.swift in Sources */,
				E7A857ED216C8009002683CD /* AppDelegate.swift in Sources */,
				E789997121872C750013BE4C /* APIClient.swift in Sources */,
				E7B39810218B0EB500A1B365 /* OwnerBusinessEndPoint.swift in Sources */,
				E756A70821D10488001CDE1A /* UIViewExtension.swift in Sources */,
				E70FAE3821BE7DD900FB9EF3 /* PeriodCell.swift in Sources */,
				E721F63821982A9F003FE7B0 /* TabBarVC.swift in Sources */,
				E71C6F42219D6C4700E0D5A9 /* DictionaryKeyForValue.swift in Sources */,
				E7DDF3BA2185CB5000C878DE /* Constants.swift in Sources */,
				E7790EA6219858E800A1D926 /* PlayGround.swift in Sources */,
			);
			runOnlyForDeploymentPostprocessing = 0;
		};
		E7A857F9216C800B002683CD /* Sources */ = {
			isa = PBXSourcesBuildPhase;
			buildActionMask = 2147483647;
			files = (
				E7A85802216C800B002683CD /* VieTests.swift in Sources */,
			);
			runOnlyForDeploymentPostprocessing = 0;
		};
		E7A85804216C800B002683CD /* Sources */ = {
			isa = PBXSourcesBuildPhase;
			buildActionMask = 2147483647;
			files = (
				E7A8580D216C800B002683CD /* VieUITests.swift in Sources */,
			);
			runOnlyForDeploymentPostprocessing = 0;
		};
/* End PBXSourcesBuildPhase section */

/* Begin PBXTargetDependency section */
		E7A857FF216C800B002683CD /* PBXTargetDependency */ = {
			isa = PBXTargetDependency;
			target = E7A857E8216C8009002683CD /* Vie */;
			targetProxy = E7A857FE216C800B002683CD /* PBXContainerItemProxy */;
		};
		E7A8580A216C800B002683CD /* PBXTargetDependency */ = {
			isa = PBXTargetDependency;
			target = E7A857E8216C8009002683CD /* Vie */;
			targetProxy = E7A85809216C800B002683CD /* PBXContainerItemProxy */;
		};
/* End PBXTargetDependency section */

/* Begin PBXVariantGroup section */
		E7A857F0216C8009002683CD /* Main.storyboard */ = {
			isa = PBXVariantGroup;
			children = (
				E7A857F1216C8009002683CD /* Base */,
			);
			name = Main.storyboard;
			sourceTree = "<group>";
		};
		E7A857F5216C800B002683CD /* LaunchScreen.storyboard */ = {
			isa = PBXVariantGroup;
			children = (
				E7A857F6216C800B002683CD /* Base */,
			);
			name = LaunchScreen.storyboard;
			sourceTree = "<group>";
		};
/* End PBXVariantGroup section */

/* Begin XCBuildConfiguration section */
		E7A8580F216C800B002683CD /* Debug */ = {
			isa = XCBuildConfiguration;
			buildSettings = {
				ALWAYS_SEARCH_USER_PATHS = NO;
				CLANG_ANALYZER_NONNULL = YES;
				CLANG_ANALYZER_NUMBER_OBJECT_CONVERSION = YES_AGGRESSIVE;
				CLANG_CXX_LANGUAGE_STANDARD = "gnu++14";
				CLANG_CXX_LIBRARY = "libc++";
				CLANG_ENABLE_MODULES = YES;
				CLANG_ENABLE_OBJC_ARC = YES;
				CLANG_ENABLE_OBJC_WEAK = YES;
				CLANG_WARN_BLOCK_CAPTURE_AUTORELEASING = YES;
				CLANG_WARN_BOOL_CONVERSION = YES;
				CLANG_WARN_COMMA = YES;
				CLANG_WARN_CONSTANT_CONVERSION = YES;
				CLANG_WARN_DEPRECATED_OBJC_IMPLEMENTATIONS = YES;
				CLANG_WARN_DIRECT_OBJC_ISA_USAGE = YES_ERROR;
				CLANG_WARN_DOCUMENTATION_COMMENTS = YES;
				CLANG_WARN_EMPTY_BODY = YES;
				CLANG_WARN_ENUM_CONVERSION = YES;
				CLANG_WARN_INFINITE_RECURSION = YES;
				CLANG_WARN_INT_CONVERSION = YES;
				CLANG_WARN_NON_LITERAL_NULL_CONVERSION = YES;
				CLANG_WARN_OBJC_IMPLICIT_RETAIN_SELF = YES;
				CLANG_WARN_OBJC_LITERAL_CONVERSION = YES;
				CLANG_WARN_OBJC_ROOT_CLASS = YES_ERROR;
				CLANG_WARN_RANGE_LOOP_ANALYSIS = YES;
				CLANG_WARN_STRICT_PROTOTYPES = YES;
				CLANG_WARN_SUSPICIOUS_MOVE = YES;
				CLANG_WARN_UNGUARDED_AVAILABILITY = YES_AGGRESSIVE;
				CLANG_WARN_UNREACHABLE_CODE = YES;
				CLANG_WARN__DUPLICATE_METHOD_MATCH = YES;
				CODE_SIGN_IDENTITY = "iPhone Developer";
				COPY_PHASE_STRIP = NO;
				DEBUG_INFORMATION_FORMAT = dwarf;
				ENABLE_STRICT_OBJC_MSGSEND = YES;
				ENABLE_TESTABILITY = YES;
				GCC_C_LANGUAGE_STANDARD = gnu11;
				GCC_DYNAMIC_NO_PIC = NO;
				GCC_NO_COMMON_BLOCKS = YES;
				GCC_OPTIMIZATION_LEVEL = 0;
				GCC_PREPROCESSOR_DEFINITIONS = (
					"DEBUG=1",
					"$(inherited)",
				);
				GCC_WARN_64_TO_32_BIT_CONVERSION = YES;
				GCC_WARN_ABOUT_RETURN_TYPE = YES_ERROR;
				GCC_WARN_UNDECLARED_SELECTOR = YES;
				GCC_WARN_UNINITIALIZED_AUTOS = YES_AGGRESSIVE;
				GCC_WARN_UNUSED_FUNCTION = YES;
				GCC_WARN_UNUSED_VARIABLE = YES;
				IPHONEOS_DEPLOYMENT_TARGET = 11.4;
				MTL_ENABLE_DEBUG_INFO = YES;
				ONLY_ACTIVE_ARCH = YES;
				SDKROOT = iphoneos;
				SWIFT_ACTIVE_COMPILATION_CONDITIONS = DEBUG;
				SWIFT_OPTIMIZATION_LEVEL = "-Onone";
			};
			name = Debug;
		};
		E7A85810216C800B002683CD /* Release */ = {
			isa = XCBuildConfiguration;
			buildSettings = {
				ALWAYS_SEARCH_USER_PATHS = NO;
				CLANG_ANALYZER_NONNULL = YES;
				CLANG_ANALYZER_NUMBER_OBJECT_CONVERSION = YES_AGGRESSIVE;
				CLANG_CXX_LANGUAGE_STANDARD = "gnu++14";
				CLANG_CXX_LIBRARY = "libc++";
				CLANG_ENABLE_MODULES = YES;
				CLANG_ENABLE_OBJC_ARC = YES;
				CLANG_ENABLE_OBJC_WEAK = YES;
				CLANG_WARN_BLOCK_CAPTURE_AUTORELEASING = YES;
				CLANG_WARN_BOOL_CONVERSION = YES;
				CLANG_WARN_COMMA = YES;
				CLANG_WARN_CONSTANT_CONVERSION = YES;
				CLANG_WARN_DEPRECATED_OBJC_IMPLEMENTATIONS = YES;
				CLANG_WARN_DIRECT_OBJC_ISA_USAGE = YES_ERROR;
				CLANG_WARN_DOCUMENTATION_COMMENTS = YES;
				CLANG_WARN_EMPTY_BODY = YES;
				CLANG_WARN_ENUM_CONVERSION = YES;
				CLANG_WARN_INFINITE_RECURSION = YES;
				CLANG_WARN_INT_CONVERSION = YES;
				CLANG_WARN_NON_LITERAL_NULL_CONVERSION = YES;
				CLANG_WARN_OBJC_IMPLICIT_RETAIN_SELF = YES;
				CLANG_WARN_OBJC_LITERAL_CONVERSION = YES;
				CLANG_WARN_OBJC_ROOT_CLASS = YES_ERROR;
				CLANG_WARN_RANGE_LOOP_ANALYSIS = YES;
				CLANG_WARN_STRICT_PROTOTYPES = YES;
				CLANG_WARN_SUSPICIOUS_MOVE = YES;
				CLANG_WARN_UNGUARDED_AVAILABILITY = YES_AGGRESSIVE;
				CLANG_WARN_UNREACHABLE_CODE = YES;
				CLANG_WARN__DUPLICATE_METHOD_MATCH = YES;
				CODE_SIGN_IDENTITY = "iPhone Developer";
				COPY_PHASE_STRIP = NO;
				DEBUG_INFORMATION_FORMAT = "dwarf-with-dsym";
				ENABLE_NS_ASSERTIONS = NO;
				ENABLE_STRICT_OBJC_MSGSEND = YES;
				GCC_C_LANGUAGE_STANDARD = gnu11;
				GCC_NO_COMMON_BLOCKS = YES;
				GCC_WARN_64_TO_32_BIT_CONVERSION = YES;
				GCC_WARN_ABOUT_RETURN_TYPE = YES_ERROR;
				GCC_WARN_UNDECLARED_SELECTOR = YES;
				GCC_WARN_UNINITIALIZED_AUTOS = YES_AGGRESSIVE;
				GCC_WARN_UNUSED_FUNCTION = YES;
				GCC_WARN_UNUSED_VARIABLE = YES;
				IPHONEOS_DEPLOYMENT_TARGET = 11.4;
				MTL_ENABLE_DEBUG_INFO = NO;
				SDKROOT = iphoneos;
				SWIFT_COMPILATION_MODE = wholemodule;
				SWIFT_OPTIMIZATION_LEVEL = "-O";
				VALIDATE_PRODUCT = YES;
			};
			name = Release;
		};
		E7A85812216C800B002683CD /* Debug */ = {
			isa = XCBuildConfiguration;
			baseConfigurationReference = 67A7FFB919536A63A723A155 /* Pods-Vie.debug.xcconfig */;
			buildSettings = {
				ASSETCATALOG_COMPILER_APPICON_NAME = AppIcon;
				CODE_SIGN_STYLE = Automatic;
				DEVELOPMENT_TEAM = KN53QSL78G;
				INFOPLIST_FILE = Vie/Info.plist;
				IPHONEOS_DEPLOYMENT_TARGET = 11.4;
				LD_RUNPATH_SEARCH_PATHS = (
					"$(inherited)",
					"@executable_path/Frameworks",
				);
				PRODUCT_BUNDLE_IDENTIFIER = com.revival.Vie;
				PRODUCT_NAME = "$(TARGET_NAME)";
				SWIFT_VERSION = 4.2;
				TARGETED_DEVICE_FAMILY = "1,2";
			};
			name = Debug;
		};
		E7A85813216C800B002683CD /* Release */ = {
			isa = XCBuildConfiguration;
			baseConfigurationReference = CC69CECEDA1203139C64CF83 /* Pods-Vie.release.xcconfig */;
			buildSettings = {
				ASSETCATALOG_COMPILER_APPICON_NAME = AppIcon;
				CODE_SIGN_STYLE = Automatic;
				DEVELOPMENT_TEAM = KN53QSL78G;
				INFOPLIST_FILE = Vie/Info.plist;
				IPHONEOS_DEPLOYMENT_TARGET = 11.4;
				LD_RUNPATH_SEARCH_PATHS = (
					"$(inherited)",
					"@executable_path/Frameworks",
				);
				PRODUCT_BUNDLE_IDENTIFIER = com.revival.Vie;
				PRODUCT_NAME = "$(TARGET_NAME)";
				SWIFT_VERSION = 4.2;
				TARGETED_DEVICE_FAMILY = "1,2";
			};
			name = Release;
		};
		E7A85815216C800B002683CD /* Debug */ = {
			isa = XCBuildConfiguration;
			baseConfigurationReference = AA7E0DEA1839441A21154563 /* Pods-VieTests.debug.xcconfig */;
			buildSettings = {
				ALWAYS_EMBED_SWIFT_STANDARD_LIBRARIES = YES;
				BUNDLE_LOADER = "$(TEST_HOST)";
				CODE_SIGN_STYLE = Automatic;
				DEVELOPMENT_TEAM = KN53QSL78G;
				INFOPLIST_FILE = VieTests/Info.plist;
				LD_RUNPATH_SEARCH_PATHS = (
					"$(inherited)",
					"@executable_path/Frameworks",
					"@loader_path/Frameworks",
				);
				PRODUCT_BUNDLE_IDENTIFIER = com.revival.VieTests;
				PRODUCT_NAME = "$(TARGET_NAME)";
				SWIFT_VERSION = 4.2;
				TARGETED_DEVICE_FAMILY = "1,2";
				TEST_HOST = "$(BUILT_PRODUCTS_DIR)/Vie.app/Vie";
			};
			name = Debug;
		};
		E7A85816216C800B002683CD /* Release */ = {
			isa = XCBuildConfiguration;
			baseConfigurationReference = 2825C181917DFB609ECF06B7 /* Pods-VieTests.release.xcconfig */;
			buildSettings = {
				ALWAYS_EMBED_SWIFT_STANDARD_LIBRARIES = YES;
				BUNDLE_LOADER = "$(TEST_HOST)";
				CODE_SIGN_STYLE = Automatic;
				DEVELOPMENT_TEAM = KN53QSL78G;
				INFOPLIST_FILE = VieTests/Info.plist;
				LD_RUNPATH_SEARCH_PATHS = (
					"$(inherited)",
					"@executable_path/Frameworks",
					"@loader_path/Frameworks",
				);
				PRODUCT_BUNDLE_IDENTIFIER = com.revival.VieTests;
				PRODUCT_NAME = "$(TARGET_NAME)";
				SWIFT_VERSION = 4.2;
				TARGETED_DEVICE_FAMILY = "1,2";
				TEST_HOST = "$(BUILT_PRODUCTS_DIR)/Vie.app/Vie";
			};
			name = Release;
		};
		E7A85818216C800B002683CD /* Debug */ = {
			isa = XCBuildConfiguration;
			baseConfigurationReference = D690221753A2AFF740EFAB95 /* Pods-VieUITests.debug.xcconfig */;
			buildSettings = {
				ALWAYS_EMBED_SWIFT_STANDARD_LIBRARIES = YES;
				CODE_SIGN_STYLE = Automatic;
				DEVELOPMENT_TEAM = KN53QSL78G;
				INFOPLIST_FILE = VieUITests/Info.plist;
				LD_RUNPATH_SEARCH_PATHS = (
					"$(inherited)",
					"@executable_path/Frameworks",
					"@loader_path/Frameworks",
				);
				PRODUCT_BUNDLE_IDENTIFIER = com.revival.VieUITests;
				PRODUCT_NAME = "$(TARGET_NAME)";
				SWIFT_VERSION = 4.2;
				TARGETED_DEVICE_FAMILY = "1,2";
				TEST_TARGET_NAME = Vie;
			};
			name = Debug;
		};
		E7A85819216C800B002683CD /* Release */ = {
			isa = XCBuildConfiguration;
			baseConfigurationReference = B80A59EA93C029CC31EB2CA1 /* Pods-VieUITests.release.xcconfig */;
			buildSettings = {
				ALWAYS_EMBED_SWIFT_STANDARD_LIBRARIES = YES;
				CODE_SIGN_STYLE = Automatic;
				DEVELOPMENT_TEAM = KN53QSL78G;
				INFOPLIST_FILE = VieUITests/Info.plist;
				LD_RUNPATH_SEARCH_PATHS = (
					"$(inherited)",
					"@executable_path/Frameworks",
					"@loader_path/Frameworks",
				);
				PRODUCT_BUNDLE_IDENTIFIER = com.revival.VieUITests;
				PRODUCT_NAME = "$(TARGET_NAME)";
				SWIFT_VERSION = 4.2;
				TARGETED_DEVICE_FAMILY = "1,2";
				TEST_TARGET_NAME = Vie;
			};
			name = Release;
		};
/* End XCBuildConfiguration section */

/* Begin XCConfigurationList section */
		E7A857E4216C8009002683CD /* Build configuration list for PBXProject "Vie" */ = {
			isa = XCConfigurationList;
			buildConfigurations = (
				E7A8580F216C800B002683CD /* Debug */,
				E7A85810216C800B002683CD /* Release */,
			);
			defaultConfigurationIsVisible = 0;
			defaultConfigurationName = Release;
		};
		E7A85811216C800B002683CD /* Build configuration list for PBXNativeTarget "Vie" */ = {
			isa = XCConfigurationList;
			buildConfigurations = (
				E7A85812216C800B002683CD /* Debug */,
				E7A85813216C800B002683CD /* Release */,
			);
			defaultConfigurationIsVisible = 0;
			defaultConfigurationName = Release;
		};
		E7A85814216C800B002683CD /* Build configuration list for PBXNativeTarget "VieTests" */ = {
			isa = XCConfigurationList;
			buildConfigurations = (
				E7A85815216C800B002683CD /* Debug */,
				E7A85816216C800B002683CD /* Release */,
			);
			defaultConfigurationIsVisible = 0;
			defaultConfigurationName = Release;
		};
		E7A85817216C800B002683CD /* Build configuration list for PBXNativeTarget "VieUITests" */ = {
			isa = XCConfigurationList;
			buildConfigurations = (
				E7A85818216C800B002683CD /* Debug */,
				E7A85819216C800B002683CD /* Release */,
			);
			defaultConfigurationIsVisible = 0;
			defaultConfigurationName = Release;
		};
/* End XCConfigurationList section */
	};
	rootObject = E7A857E1216C8009002683CD /* Project object */;
}
